// !$*UTF8*$!
{
	archiveVersion = 1;
	classes = {
	};
	objectVersion = 46;
	objects = {

/* Begin PBXBuildFile section */
		5B0C6E9E1CFAA3BA00CDE082 /* Students.swift in Sources */ = {isa = PBXBuildFile; fileRef = 5B0C6E9D1CFAA3BA00CDE082 /* Students.swift */; };
		5B0D06A81C9DC5E6001F0B31 /* LoginViewController.swift in Sources */ = {isa = PBXBuildFile; fileRef = 5B0D06A71C9DC5E6001F0B31 /* LoginViewController.swift */; };
		5B0FD7471C94CE310050AA72 /* AppDelegate.swift in Sources */ = {isa = PBXBuildFile; fileRef = 5B0FD7461C94CE310050AA72 /* AppDelegate.swift */; };
		5B0FD74C1C94CE310050AA72 /* Main.storyboard in Resources */ = {isa = PBXBuildFile; fileRef = 5B0FD74A1C94CE310050AA72 /* Main.storyboard */; };
		5B0FD74E1C94CE310050AA72 /* Assets.xcassets in Resources */ = {isa = PBXBuildFile; fileRef = 5B0FD74D1C94CE310050AA72 /* Assets.xcassets */; };
		5B0FD7511C94CE310050AA72 /* LaunchScreen.storyboard in Resources */ = {isa = PBXBuildFile; fileRef = 5B0FD74F1C94CE310050AA72 /* LaunchScreen.storyboard */; };
		5B0FD75D1C94D40C0050AA72 /* MapViewController.swift in Sources */ = {isa = PBXBuildFile; fileRef = 5B0FD75C1C94D40C0050AA72 /* MapViewController.swift */; };
		5B0FD75F1C94D4280050AA72 /* TableViewController.swift in Sources */ = {isa = PBXBuildFile; fileRef = 5B0FD75E1C94D4280050AA72 /* TableViewController.swift */; };
		5B0FD7611C9609680050AA72 /* Student.swift in Sources */ = {isa = PBXBuildFile; fileRef = 5B0FD7601C9609680050AA72 /* Student.swift */; };
		5B6E566E1C9DDB7600170053 /* Constants.swift in Sources */ = {isa = PBXBuildFile; fileRef = 5B6E566D1C9DDB7600170053 /* Constants.swift */; };
		5B6E56701C9F9B8A00170053 /* UdacityConstants.swift in Sources */ = {isa = PBXBuildFile; fileRef = 5B6E566F1C9F9B8A00170053 /* UdacityConstants.swift */; };
		5B6E56721C9F9C6100170053 /* ParseConstants.swift in Sources */ = {isa = PBXBuildFile; fileRef = 5B6E56711C9F9C6100170053 /* ParseConstants.swift */; };
		5B7366F71CAA396100C25ABF /* InformationPostingViewController.swift in Sources */ = {isa = PBXBuildFile; fileRef = 5B7366F61CAA396100C25ABF /* InformationPostingViewController.swift */; };
		5BB99EB81CD18C2700C65CDD /* DBClient.swift in Sources */ = {isa = PBXBuildFile; fileRef = 5BB99EB71CD18C2700C65CDD /* DBClient.swift */; };
/* End PBXBuildFile section */

/* Begin PBXFileReference section */
		5B0C6E9D1CFAA3BA00CDE082 /* Students.swift */ = {isa = PBXFileReference; fileEncoding = 4; lastKnownFileType = sourcecode.swift; path = Students.swift; sourceTree = "<group>"; };
		5B0D06A71C9DC5E6001F0B31 /* LoginViewController.swift */ = {isa = PBXFileReference; fileEncoding = 4; lastKnownFileType = sourcecode.swift; path = LoginViewController.swift; sourceTree = "<group>"; };
		5B0FD7431C94CE310050AA72 /* OnTheMap.app */ = {isa = PBXFileReference; explicitFileType = wrapper.application; includeInIndex = 0; path = OnTheMap.app; sourceTree = BUILT_PRODUCTS_DIR; };
		5B0FD7461C94CE310050AA72 /* AppDelegate.swift */ = {isa = PBXFileReference; lastKnownFileType = sourcecode.swift; path = AppDelegate.swift; sourceTree = "<group>"; };
		5B0FD74B1C94CE310050AA72 /* Base */ = {isa = PBXFileReference; lastKnownFileType = file.storyboard; name = Base; path = Base.lproj/Main.storyboard; sourceTree = "<group>"; };
		5B0FD74D1C94CE310050AA72 /* Assets.xcassets */ = {isa = PBXFileReference; lastKnownFileType = folder.assetcatalog; path = Assets.xcassets; sourceTree = "<group>"; };
		5B0FD7501C94CE310050AA72 /* Base */ = {isa = PBXFileReference; lastKnownFileType = file.storyboard; name = Base; path = Base.lproj/LaunchScreen.storyboard; sourceTree = "<group>"; };
		5B0FD7521C94CE310050AA72 /* Info.plist */ = {isa = PBXFileReference; lastKnownFileType = text.plist.xml; path = Info.plist; sourceTree = "<group>"; };
		5B0FD75C1C94D40C0050AA72 /* MapViewController.swift */ = {isa = PBXFileReference; fileEncoding = 4; lastKnownFileType = sourcecode.swift; path = MapViewController.swift; sourceTree = "<group>"; };
		5B0FD75E1C94D4280050AA72 /* TableViewController.swift */ = {isa = PBXFileReference; fileEncoding = 4; lastKnownFileType = sourcecode.swift; path = TableViewController.swift; sourceTree = "<group>"; };
		5B0FD7601C9609680050AA72 /* Student.swift */ = {isa = PBXFileReference; fileEncoding = 4; lastKnownFileType = sourcecode.swift; path = Student.swift; sourceTree = "<group>"; };
		5B6E566D1C9DDB7600170053 /* Constants.swift */ = {isa = PBXFileReference; fileEncoding = 4; lastKnownFileType = sourcecode.swift; path = Constants.swift; sourceTree = "<group>"; };
		5B6E566F1C9F9B8A00170053 /* UdacityConstants.swift */ = {isa = PBXFileReference; fileEncoding = 4; lastKnownFileType = sourcecode.swift; path = UdacityConstants.swift; sourceTree = "<group>"; };
		5B6E56711C9F9C6100170053 /* ParseConstants.swift */ = {isa = PBXFileReference; fileEncoding = 4; lastKnownFileType = sourcecode.swift; path = ParseConstants.swift; sourceTree = "<group>"; };
		5B7366F61CAA396100C25ABF /* InformationPostingViewController.swift */ = {isa = PBXFileReference; fileEncoding = 4; lastKnownFileType = sourcecode.swift; path = InformationPostingViewController.swift; sourceTree = "<group>"; };
		5BB99EB71CD18C2700C65CDD /* DBClient.swift */ = {isa = PBXFileReference; fileEncoding = 4; lastKnownFileType = sourcecode.swift; path = DBClient.swift; sourceTree = "<group>"; };
/* End PBXFileReference section */

/* Begin PBXFrameworksBuildPhase section */
		5B0FD7401C94CE310050AA72 /* Frameworks */ = {
			isa = PBXFrameworksBuildPhase;
			buildActionMask = 2147483647;
			files = (
			);
			runOnlyForDeploymentPostprocessing = 0;
		};
/* End PBXFrameworksBuildPhase section */

/* Begin PBXGroup section */
		5B0FD73A1C94CE310050AA72 = {
			isa = PBXGroup;
			children = (
				5B0FD7451C94CE310050AA72 /* OnTheMap */,
				5B0FD7441C94CE310050AA72 /* Products */,
			);
			sourceTree = "<group>";
		};
		5B0FD7441C94CE310050AA72 /* Products */ = {
			isa = PBXGroup;
			children = (
				5B0FD7431C94CE310050AA72 /* OnTheMap.app */,
			);
			name = Products;
			sourceTree = "<group>";
		};
		5B0FD7451C94CE310050AA72 /* OnTheMap */ = {
			isa = PBXGroup;
			children = (
				5B7366F81CAB875000C25ABF /* Constants */,
				5B6E566C1C9DD9E900170053 /* ViewControllers */,
				5B0FD7461C94CE310050AA72 /* AppDelegate.swift */,
				5B0FD7601C9609680050AA72 /* Student.swift */,
				5B0C6E9D1CFAA3BA00CDE082 /* Students.swift */,
				5B0FD74A1C94CE310050AA72 /* Main.storyboard */,
				5B0FD74D1C94CE310050AA72 /* Assets.xcassets */,
				5B0FD74F1C94CE310050AA72 /* LaunchScreen.storyboard */,
				5B0FD7521C94CE310050AA72 /* Info.plist */,
				5BB99EB71CD18C2700C65CDD /* DBClient.swift */,
			);
			path = OnTheMap;
			sourceTree = "<group>";
		};
		5B6E566C1C9DD9E900170053 /* ViewControllers */ = {
			isa = PBXGroup;
			children = (
				5B0D06A71C9DC5E6001F0B31 /* LoginViewController.swift */,
				5B0FD75E1C94D4280050AA72 /* TableViewController.swift */,
				5B0FD75C1C94D40C0050AA72 /* MapViewController.swift */,
				5B7366F61CAA396100C25ABF /* InformationPostingViewController.swift */,
			);
			name = ViewControllers;
			sourceTree = "<group>";
		};
		5B7366F81CAB875000C25ABF /* Constants */ = {
			isa = PBXGroup;
			children = (
				5B6E566D1C9DDB7600170053 /* Constants.swift */,
				5B6E566F1C9F9B8A00170053 /* UdacityConstants.swift */,
				5B6E56711C9F9C6100170053 /* ParseConstants.swift */,
			);
			name = Constants;
			sourceTree = "<group>";
		};
/* End PBXGroup section */

/* Begin PBXNativeTarget section */
		5B0FD7421C94CE310050AA72 /* OnTheMap */ = {
			isa = PBXNativeTarget;
			buildConfigurationList = 5B0FD7551C94CE310050AA72 /* Build configuration list for PBXNativeTarget "OnTheMap" */;
			buildPhases = (
				5B0FD73F1C94CE310050AA72 /* Sources */,
				5B0FD7401C94CE310050AA72 /* Frameworks */,
				5B0FD7411C94CE310050AA72 /* Resources */,
			);
			buildRules = (
			);
			dependencies = (
			);
			name = OnTheMap;
			productName = OnTheMap;
			productReference = 5B0FD7431C94CE310050AA72 /* OnTheMap.app */;
			productType = "com.apple.product-type.application";
		};
/* End PBXNativeTarget section */

/* Begin PBXProject section */
		5B0FD73B1C94CE310050AA72 /* Project object */ = {
			isa = PBXProject;
			attributes = {
				LastSwiftUpdateCheck = 0720;
				LastUpgradeCheck = 0720;
				ORGANIZATIONNAME = Student;
				TargetAttributes = {
					5B0FD7421C94CE310050AA72 = {
						CreatedOnToolsVersion = 7.2;
					};
				};
			};
			buildConfigurationList = 5B0FD73E1C94CE310050AA72 /* Build configuration list for PBXProject "OnTheMap" */;
			compatibilityVersion = "Xcode 3.2";
			developmentRegion = English;
			hasScannedForEncodings = 0;
			knownRegions = (
				en,
				Base,
			);
			mainGroup = 5B0FD73A1C94CE310050AA72;
			productRefGroup = 5B0FD7441C94CE310050AA72 /* Products */;
			projectDirPath = "";
			projectRoot = "";
			targets = (
				5B0FD7421C94CE310050AA72 /* OnTheMap */,
			);
		};
/* End PBXProject section */

/* Begin PBXResourcesBuildPhase section */
		5B0FD7411C94CE310050AA72 /* Resources */ = {
			isa = PBXResourcesBuildPhase;
			buildActionMask = 2147483647;
			files = (
				5B0FD7511C94CE310050AA72 /* LaunchScreen.storyboard in Resources */,
				5B0FD74E1C94CE310050AA72 /* Assets.xcassets in Resources */,
				5B0FD74C1C94CE310050AA72 /* Main.storyboard in Resources */,
			);
			runOnlyForDeploymentPostprocessing = 0;
		};
/* End PBXResourcesBuildPhase section */

/* Begin PBXSourcesBuildPhase section */
		5B0FD73F1C94CE310050AA72 /* Sources */ = {
			isa = PBXSourcesBuildPhase;
			buildActionMask = 2147483647;
			files = (
				5B0D06A81C9DC5E6001F0B31 /* LoginViewController.swift in Sources */,
				5B6E56701C9F9B8A00170053 /* UdacityConstants.swift in Sources */,
				5B0FD75D1C94D40C0050AA72 /* MapViewController.swift in Sources */,
				5B0FD7471C94CE310050AA72 /* AppDelegate.swift in Sources */,
				5B0FD7611C9609680050AA72 /* Student.swift in Sources */,
				5B0FD75F1C94D4280050AA72 /* TableViewController.swift in Sources */,
				5B7366F71CAA396100C25ABF /* InformationPostingViewController.swift in Sources */,
				5B6E566E1C9DDB7600170053 /* Constants.swift in Sources */,
				5B0C6E9E1CFAA3BA00CDE082 /* Students.swift in Sources */,
				5BB99EB81CD18C2700C65CDD /* DBClient.swift in Sources */,
				5B6E56721C9F9C6100170053 /* ParseConstants.swift in Sources */,
			);
			runOnlyForDeploymentPostprocessing = 0;
		};
/* End PBXSourcesBuildPhase section */

/* Begin PBXVariantGroup section */
		5B0FD74A1C94CE310050AA72 /* Main.storyboard */ = {
			isa = PBXVariantGroup;
			children = (
				5B0FD74B1C94CE310050AA72 /* Base */,
			);
			name = Main.storyboard;
			sourceTree = "<group>";
		};
		5B0FD74F1C94CE310050AA72 /* LaunchScreen.storyboard */ = {
			isa = PBXVariantGroup;
			children = (
				5B0FD7501C94CE310050AA72 /* Base */,
			);
			name = LaunchScreen.storyboard;
			sourceTree = "<group>";
		};
/* End PBXVariantGroup section */

/* Begin XCBuildConfiguration section */
		5B0FD7531C94CE310050AA72 /* Debug */ = {
			isa = XCBuildConfiguration;
			buildSettings = {
				ALWAYS_SEARCH_USER_PATHS = NO;
				CLANG_CXX_LANGUAGE_STANDARD = "gnu++0x";
				CLANG_CXX_LIBRARY = "libc++";
				CLANG_ENABLE_MODULES = YES;
				CLANG_ENABLE_OBJC_ARC = YES;
				CLANG_WARN_BOOL_CONVERSION = YES;
				CLANG_WARN_CONSTANT_CONVERSION = YES;
				CLANG_WARN_DIRECT_OBJC_ISA_USAGE = YES_ERROR;
				CLANG_WARN_EMPTY_BODY = YES;
				CLANG_WARN_ENUM_CONVERSION = YES;
				CLANG_WARN_INT_CONVERSION = YES;
				CLANG_WARN_OBJC_ROOT_CLASS = YES_ERROR;
				CLANG_WARN_UNREACHABLE_CODE = YES;
				CLANG_WARN__DUPLICATE_METHOD_MATCH = YES;
				"CODE_SIGN_IDENTITY[sdk=iphoneos*]" = "iPhone Developer";
				COPY_PHASE_STRIP = NO;
				DEBUG_INFORMATION_FORMAT = dwarf;
				ENABLE_STRICT_OBJC_MSGSEND = YES;
				ENABLE_TESTABILITY = YES;
				GCC_C_LANGUAGE_STANDARD = gnu99;
				GCC_DYNAMIC_NO_PIC = NO;
				GCC_NO_COMMON_BLOCKS = YES;
				GCC_OPTIMIZATION_LEVEL = 0;
				GCC_PREPROCESSOR_DEFINITIONS = (
					"DEBUG=1",
					"$(inherited)",
				);
				GCC_WARN_64_TO_32_BIT_CONVERSION = YES;
				GCC_WARN_ABOUT_RETURN_TYPE = YES_ERROR;
				GCC_WARN_UNDECLARED_SELECTOR = YES;
				GCC_WARN_UNINITIALIZED_AUTOS = YES_AGGRESSIVE;
				GCC_WARN_UNUSED_FUNCTION = YES;
				GCC_WARN_UNUSED_VARIABLE = YES;
				IPHONEOS_DEPLOYMENT_TARGET = 9.2;
				MTL_ENABLE_DEBUG_INFO = YES;
				ONLY_ACTIVE_ARCH = YES;
				SDKROOT = iphoneos;
				SWIFT_OPTIMIZATION_LEVEL = "-Onone";
			};
			name = Debug;
		};
		5B0FD7541C94CE310050AA72 /* Release */ = {
			isa = XCBuildConfiguration;
			buildSettings = {
				ALWAYS_SEARCH_USER_PATHS = NO;
				CLANG_CXX_LANGUAGE_STANDARD = "gnu++0x";
				CLANG_CXX_LIBRARY = "libc++";
				CLANG_ENABLE_MODULES = YES;
				CLANG_ENABLE_OBJC_ARC = YES;
				CLANG_WARN_BOOL_CONVERSION = YES;
				CLANG_WARN_CONSTANT_CONVERSION = YES;
				CLANG_WARN_DIRECT_OBJC_ISA_USAGE = YES_ERROR;
				CLANG_WARN_EMPTY_BODY = YES;
				CLANG_WARN_ENUM_CONVERSION = YES;
				CLANG_WARN_INT_CONVERSION = YES;
				CLANG_WARN_OBJC_ROOT_CLASS = YES_ERROR;
				CLANG_WARN_UNREACHABLE_CODE = YES;
				CLANG_WARN__DUPLICATE_METHOD_MATCH = YES;
				"CODE_SIGN_IDENTITY[sdk=iphoneos*]" = "iPhone Developer";
				COPY_PHASE_STRIP = NO;
				DEBUG_INFORMATION_FORMAT = "dwarf-with-dsym";
				ENABLE_NS_ASSERTIONS = NO;
				ENABLE_STRICT_OBJC_MSGSEND = YES;
				GCC_C_LANGUAGE_STANDARD = gnu99;
				GCC_NO_COMMON_BLOCKS = YES;
				GCC_WARN_64_TO_32_BIT_CONVERSION = YES;
				GCC_WARN_ABOUT_RETURN_TYPE = YES_ERROR;
				GCC_WARN_UNDECLARED_SELECTOR = YES;
				GCC_WARN_UNINITIALIZED_AUTOS = YES_AGGRESSIVE;
				GCC_WARN_UNUSED_FUNCTION = YES;
				GCC_WARN_UNUSED_VARIABLE = YES;
				IPHONEOS_DEPLOYMENT_TARGET = 9.2;
				MTL_ENABLE_DEBUG_INFO = NO;
				SDKROOT = iphoneos;
				VALIDATE_PRODUCT = YES;
			};
			name = Release;
		};
		5B0FD7561C94CE310050AA72 /* Debug */ = {
			isa = XCBuildConfiguration;
			buildSettings = {
				ASSETCATALOG_COMPILER_APPICON_NAME = AppIcon;
				INFOPLIST_FILE = OnTheMap/Info.plist;
				LD_RUNPATH_SEARCH_PATHS = "$(inherited) @executable_path/Frameworks";
				PRODUCT_BUNDLE_IDENTIFIER = com.student.OnTheMap;
				PRODUCT_NAME = "$(TARGET_NAME)";
			};
			name = Debug;
		};
		5B0FD7571C94CE310050AA72 /* Release */ = {
			isa = XCBuildConfiguration;
			buildSettings = {
				ASSETCATALOG_COMPILER_APPICON_NAME = AppIcon;
				INFOPLIST_FILE = OnTheMap/Info.plist;
				LD_RUNPATH_SEARCH_PATHS = "$(inherited) @executable_path/Frameworks";
				PRODUCT_BUNDLE_IDENTIFIER = com.student.OnTheMap;
				PRODUCT_NAME = "$(TARGET_NAME)";
			};
			name = Release;
		};
/* End XCBuildConfiguration section */

/* Begin XCConfigurationList section */
		5B0FD73E1C94CE310050AA72 /* Build configuration list for PBXProject "OnTheMap" */ = {
			isa = XCConfigurationList;
			buildConfigurations = (
				5B0FD7531C94CE310050AA72 /* Debug */,
				5B0FD7541C94CE310050AA72 /* Release */,
			);
			defaultConfigurationIsVisible = 0;
			defaultConfigurationName = Release;
		};
		5B0FD7551C94CE310050AA72 /* Build configuration list for PBXNativeTarget "OnTheMap" */ = {
			isa = XCConfigurationList;
			buildConfigurations = (
				5B0FD7561C94CE310050AA72 /* Debug */,
				5B0FD7571C94CE310050AA72 /* Release */,
			);
			defaultConfigurationIsVisible = 0;
			defaultConfigurationName = Release;
		};
/* End XCConfigurationList section */
	};
	rootObject = 5B0FD73B1C94CE310050AA72 /* Project object */;
}
